
Microsoft Visual Studio Solution File, Format Version 12.00
# Visual Studio Version 17
VisualStudioVersion = 17.9.34714.143
MinimumVisualStudioVersion = 10.0.40219.1
Project("{9A19103F-16F7-4668-BE54-9A1E7A4F7556}") = "Seminar", "Seminar\Seminar.csproj", "{F0A85F66-EA3B-49D0-A6F3-98CC07E5E57A}"
EndProject
Project("{FAE04EC0-301F-11D3-BF4B-00C04F79EFBC}") = "Serminar_WebApi_MVC", "Serminar_WebApi_MVC\Serminar_WebApi_MVC.csproj", "{899C72A7-2496-462E-8C00-DC3E21E519A5}"
EndProject
Global
	GlobalSection(SolutionConfigurationPlatforms) = preSolution
		Debug|Any CPU = Debug|Any CPU
		Release|Any CPU = Release|Any CPU
	EndGlobalSection
	GlobalSection(ProjectConfigurationPlatforms) = postSolution
		{F0A85F66-EA3B-49D0-A6F3-98CC07E5E57A}.Debug|Any CPU.ActiveCfg = Debug|Any CPU
		{F0A85F66-EA3B-49D0-A6F3-98CC07E5E57A}.Debug|Any CPU.Build.0 = Debug|Any CPU
		{F0A85F66-EA3B-49D0-A6F3-98CC07E5E57A}.Release|Any CPU.ActiveCfg = Release|Any CPU
		{F0A85F66-EA3B-49D0-A6F3-98CC07E5E57A}.Release|Any CPU.Build.0 = Release|Any CPU
		{899C72A7-2496-462E-8C00-DC3E21E519A5}.Debug|Any CPU.ActiveCfg = Debug|Any CPU
		{899C72A7-2496-462E-8C00-DC3E21E519A5}.Debug|Any CPU.Build.0 = Debug|Any CPU
		{899C72A7-2496-462E-8C00-DC3E21E519A5}.Release|Any CPU.ActiveCfg = Release|Any CPU
		{899C72A7-2496-462E-8C00-DC3E21E519A5}.Release|Any CPU.Build.0 = Release|Any CPU
	EndGlobalSection
	GlobalSection(SolutionProperties) = preSolution
		HideSolutionNode = FALSE
	EndGlobalSection
	GlobalSection(ExtensibilityGlobals) = postSolution
		SolutionGuid = {6B835299-1222-4994-80AD-82EA976093A3}
	EndGlobalSection
EndGlobal
